{
  "name": "octopusviewer",
  "version": "0.1.0",
  "lockfileVersion": 2,
  "requires": true,
  "packages": {
    "": {
      "name": "octopusviewer",
      "version": "0.1.0",
      "license": "ISC",
      "dependencies": {
        "pdfobject": "^2.2.8"
      }
    },
    "node_modules/pdfobject": {
      "version": "2.2.8",
      "resolved": "https://registry.npmjs.org/pdfobject/-/pdfobject-2.2.8.tgz",
      "integrity": "sha512-dB/soWNMLtVGHfXERXnAtsKm0XwC6lyGVYegQcZxL4rw07rNOKvawc9kddBzlGr7TbiBZuGf4Drb3kyRbTf/QA=="
    }
  },
  "dependencies": {
    "pdfobject": {
      "version": "2.2.8",
      "resolved": "https://registry.npmjs.org/pdfobject/-/pdfobject-2.2.8.tgz",
      "integrity": "sha512-dB/soWNMLtVGHfXERXnAtsKm0XwC6lyGVYegQcZxL4rw07rNOKvawc9kddBzlGr7TbiBZuGf4Drb3kyRbTf/QA=="
    }
  }
}
